hash: 7912b0390451aa2c9bea387f1a2366c43009fbb933705aa0537a7091bd85ec70
updated: 2016-01-11T20:43:36.766646373+01:00
imports:
- name: github.com/antonlindstrom/pgstore
  version: 646ee398524f0eb81ad90aa8f40cbd74045c99b2
- name: github.com/bitly/go-simplejson
  version: aabad6e819789e569bd6aabf444c935aa9ba1e44
- name: github.com/blang/semver
  version: aea32c919a18e5ef4537bbd283ff29594b1b0165
- name: github.com/codegangsta/inject
  version: 33e0aa1cb7c019ccc3fbe049a8262a6403d30504
- name: github.com/codegangsta/negroni
  version: c7477ad8e330bef55bf1ebe300cf8aa67c492d1b
  repo: https://github.com/codegangsta/negroni
- name: github.com/coopernurse/gorp
  version: 9cd2b5ef5b82fde4e7c51776ac3f94398b8af076
- name: github.com/DSchalla/go-pid
  version: 76f334c35881e3e79dd27d487e804a742a47bf91
- name: github.com/gizak/termui
  version: 551f2e7b8415377bac28e3001882b94fc625aff2
  repo: https://github.com/gizak/termui
- name: github.com/go-martini/martini
  version: 15a47622d6a9b3e6a1eaca2681e4850f612471ea
  repo: https://github.com/go-martini/martini
- name: github.com/goji/param
  version: da86c81e3e3c23b1948bc7a003d381250a032aa7
  repo: https://github.com/goji/param
- name: github.com/golang/protobuf
  version: 2402d76f3d41f928c7902a765dfc872356dd3aad
  repo: https://github.com/golang/protobuf
- name: github.com/gorilla/context
  version: 1c83b3eabd45b6d76072b66b746c20815fb2872d
- name: github.com/gorilla/securecookie
  version: e95799a481bbcc3d01c2ad5178524cb8bec9f370
- name: github.com/gorilla/sessions
  version: 3752dbe3d898496114ebb398c8960ff127cbbe93
- name: github.com/gorilla/websocket
  version: 3986be78bf859e01f01af631ad76da5b269d270c
- name: github.com/jinzhu/gorm
  version: ee48d6986c4f88a42b5dfc3b230cf9d198f2de6f
- name: github.com/jinzhu/inflection
  version: 3272df6c21d04180007eb3349844c89a3856bc25
  repo: https://github.com/jinzhu/inflection
- name: github.com/justinas/alice
  version: 82db91fe6d1db4c070fed544cb5d0b5cc08fe276
  repo: https://github.com/justinas/alice
- name: github.com/layeh/gopus
  version: f312e86d7c7afea779f2503e3e26c22ee916c992
  repo: https://github.com/layeh/gopus
- name: github.com/layeh/gumble
  version: 6f57d6a5eed502807699fe5904770154925bc023
  repo: https://github.com/layeh/gumble
- name: github.com/lib/pq
  version: 11fc39a580a008f1f39bb3d11d984fb34ed778d9
- name: github.com/martini-contrib/render
  version: ec18f8345a1181146728238980606fb1d6f40e8c
  repo: https://github.com/martini-contrib/render
- name: github.com/mattn/go-runewidth
  version: e882a96ec18dd43fa283187b66af74497c9101c0
  repo: https://github.com/mattn/go-runewidth
- name: github.com/nsf/termbox-go
  version: 9554a56625563e80bffd06e41fb525b363b01943
  repo: https://github.com/nsf/termbox-go
- name: github.com/op/go-logging
  version: dfaf3dff9b631bc4236201d90d41ee0de9202889
- name: github.com/oschwald/geoip2-golang
  version: bf3c2529e7f0619767568752f5155dd9c5125426
- name: github.com/oschwald/maxminddb-golang
  version: b4a963502ba01ab44940ee21d5539bd65c726924
  repo: https://github.com/oschwald/maxminddb-golang
- name: github.com/oxtoacart/bpool
  version: 4e1c5567d7c2dd59fa4c7c83d34c2f3528b025d6
  repo: https://github.com/oxtoacart/bpool
- name: github.com/rakyll/gom
  version: 389364c1737324e2a7dd8608b2196865761d885d
  subpackages:
  - /http
- name: github.com/rs/cors
  version: ceb1fbf238d7711a11a86a2622d0b85305348aeb
- name: github.com/rs/xhandler
  version: d9d9599b6aaf6a058cb7b1f48291ded2cbd13390
  repo: https://github.com/rs/xhandler
- name: github.com/TF2Stadium/fumble
  version: 9b53cb1670ef91e9d5a13e6e4fbc097be5776eca
  subpackages:
  - /mumble
- name: github.com/TF2Stadium/PlayerStatsScraper
  version: 834d7daf8f146c05d8279d4c1f83c32e5caea789
- name: github.com/TF2Stadium/wsevent
  version: b2cbc36a237c8f94755c9c5ca07b6a6135a714a3
- name: github.com/timshannon/go-openal
  version: 26bbf4cd1c280a0633a89ec3d136d8612f698891
  repo: https://github.com/timshannon/go-openal
- name: github.com/tylerb/graceful
  version: 119c58e176bce26fd40698146d9a106c8f1723a5
  repo: https://github.com/tylerb/graceful
- name: github.com/yohcop/openid-go
  version: 267298417849bbd0933f533039aa7096b993ed78
- name: github.com/zenazn/goji
  version: bf843a174a08e846246b8945f8a9a853d84a256a
  repo: https://github.com/zenazn/goji
- name: golang.org/x/crypto
  version: d67eb63455fa4d6fca5802332d86f1f204017e00
  repo: https://golang.org/x/crypto
- name: golang.org/x/net
  version: 4fd4a9fed55e5bdee4a89d6406c2eabe38b60300
- name: golang.org/x/text
  version: cf4986612c83df6c55578ba198316d1684a9a287
  repo: https://golang.org/x/text
- name: gopkg.in/tylerb/graceful.v1
  version: 119c58e176bce26fd40698146d9a106c8f1723a5
devImports: []
